{
  "name": "LLMSecEval",
  "lockfileVersion": 2,
  "requires": true,
  "packages": {
    "": {
      "dependencies": {
        "@gregoranders/csv": "^0.0.12"
      }
    },
    "node_modules/@gregoranders/csv": {
      "version": "0.0.12",
      "resolved": "https://registry.npmjs.org/@gregoranders/csv/-/csv-0.0.12.tgz",
      "integrity": "sha512-pYV0tkzxEazeEdoXDiVuim0x5inMZTEvOux5EMtL+mN/ruNQ3w1DJmRe2Ha2DVZOwL4uYdK6ijUHTta1/eA9Wg==",
      "engines": {
        "node": ">=16.0"
      }
    }
  },
  "dependencies": {
    "@gregoranders/csv": {
      "version": "0.0.12",
      "resolved": "https://registry.npmjs.org/@gregoranders/csv/-/csv-0.0.12.tgz",
      "integrity": "sha512-pYV0tkzxEazeEdoXDiVuim0x5inMZTEvOux5EMtL+mN/ruNQ3w1DJmRe2Ha2DVZOwL4uYdK6ijUHTta1/eA9Wg=="
    }
  }
}
